
Microsoft Visual Studio Solution File, Format Version 12.00
# Visual Studio Version 16
VisualStudioVersion = 16.0.28803.352
MinimumVisualStudioVersion = 10.0.40219.1
Project("{FAE04EC0-301F-11D3-BF4B-00C04F79EFBC}") = "all2bat", "all2bat\all2bat.csproj", "{0666CF65-46DF-4BF0-B24B-77C997959B2D}"
EndProject
Global
	GlobalSection(SolutionConfigurationPlatforms) = preSolution
		Debug|Any CPU = Debug|Any CPU
		Release|Any CPU = Release|Any CPU
	EndGlobalSection
	GlobalSection(ProjectConfigurationPlatforms) = postSolution
		{0666CF65-46DF-4BF0-B24B-77C997959B2D}.Debug|Any CPU.ActiveCfg = Debug|Any CPU
		{0666CF65-46DF-4BF0-B24B-77C997959B2D}.Debug|Any CPU.Build.0 = Debug|Any CPU
		{0666CF65-46DF-4BF0-B24B-77C997959B2D}.Release|Any CPU.ActiveCfg = Release|Any CPU
		{0666CF65-46DF-4BF0-B24B-77C997959B2D}.Release|Any CPU.Build.0 = Release|Any CPU
	EndGlobalSection
	GlobalSection(SolutionProperties) = preSolution
		HideSolutionNode = FALSE
	EndGlobalSection
	GlobalSection(ExtensibilityGlobals) = postSolution
		SolutionGuid = {EE5822E0-2C5C-4F78-A7C2-3BE8335E9CCD}
	EndGlobalSection
EndGlobal
